
Microsoft Visual Studio Solution File, Format Version 12.00
# Visual Studio Version 17
VisualStudioVersion = 17.0.32112.339
MinimumVisualStudioVersion = 10.0.40219.1
Project("{9A19103F-16F7-4668-BE54-9A1E7A4F7556}") = "MiKo.Analyzer.2019", "MiKo.Analyzer.2019\MiKo.Analyzer.2019.csproj", "{0E08768E-EB1C-4673-BE1D-B396B28BBA69}"
EndProject
Project("{9A19103F-16F7-4668-BE54-9A1E7A4F7556}") = "MiKo.Analyzer.Tests", "MiKo.Analyzer.Tests\MiKo.Analyzer.Tests.csproj", "{110CF3BC-190B-46A4-9525-A4DF6813D38D}"
EndProject
Project("{FAE04EC0-301F-11D3-BF4B-00C04F79EFBC}") = "MiKo.Analyzer.Vsix2019", "MiKo.Analyzer.Vsix2019\MiKo.Analyzer.Vsix2019.csproj", "{15DEC8E6-2392-45BE-86E7-A5221F48047C}"
	ProjectSection(ProjectDependencies) = postProject
		{0E08768E-EB1C-4673-BE1D-B396B28BBA69} = {0E08768E-EB1C-4673-BE1D-B396B28BBA69}
	EndProjectSection
EndProject
Project("{FAE04EC0-301F-11D3-BF4B-00C04F79EFBC}") = "MiKo.Analyzer.Vsix2022", "MiKo.Analyzer.Vsix2022\MiKo.Analyzer.Vsix2022.csproj", "{87FAF2BF-0E26-48FA-A9E8-1605F59AAC10}"
	ProjectSection(ProjectDependencies) = postProject
		{0E08768E-EB1C-4673-BE1D-B396B28BBA69} = {0E08768E-EB1C-4673-BE1D-B396B28BBA69}
		{15DEC8E6-2392-45BE-86E7-A5221F48047C} = {15DEC8E6-2392-45BE-86E7-A5221F48047C}
	EndProjectSection
EndProject
Project("{2150E333-8FDC-42A3-9474-1A3956D46DE8}") = "Code", "Code", "{E8DA3417-4698-4F8E-9D6A-715988F81B7A}"
EndProject
Project("{2150E333-8FDC-42A3-9474-1A3956D46DE8}") = "Solution Items", "Solution Items", "{D373AFD7-B57A-4448-9D82-B9881A4F2350}"
	ProjectSection(SolutionItems) = preProject
		LICENSE.txt = LICENSE.txt
	EndProjectSection
EndProject
Project("{2150E333-8FDC-42A3-9474-1A3956D46DE8}") = "GitHub", "GitHub", "{65D8ACB8-FDD0-48FF-8FE9-1C8669BC750A}"
	ProjectSection(SolutionItems) = preProject
		.gitattributes = .gitattributes
		.gitignore = .gitignore
		appveyor.yml = appveyor.yml
		codecov.yml = codecov.yml
		README.md = README.md
	EndProjectSection
EndProject
Project("{D954291E-2A0B-460D-934E-DC6B0785DB48}") = "MiKo.Analyzer.Shared", "MiKo.Analyzer.Shared\MiKo.Analyzer.Shared.shproj", "{8A34D670-6BBF-4D20-B18B-DD95BF3A9F71}"
EndProject
Project("{9A19103F-16F7-4668-BE54-9A1E7A4F7556}") = "MiKo.Analyzer.2022", "MiKo.Analyzer.2022\MiKo.Analyzer.2022.csproj", "{CB799A10-4C44-498D-A682-0555347C207A}"
EndProject
Project("{2150E333-8FDC-42A3-9474-1A3956D46DE8}") = "Analyzer", "Analyzer", "{7B001D8C-F260-4E63-9ECA-A3574CBD3AFF}"
EndProject
Project("{2150E333-8FDC-42A3-9474-1A3956D46DE8}") = "Setups", "Setups", "{6884DFBE-B811-4B89-B435-1D2125AE9E7A}"
EndProject
Global
	GlobalSection(SolutionConfigurationPlatforms) = preSolution
		Debug|Any CPU = Debug|Any CPU
		Debug|x86 = Debug|x86
		Release|Any CPU = Release|Any CPU
		Release|x86 = Release|x86
	EndGlobalSection
	GlobalSection(ProjectConfigurationPlatforms) = postSolution
		{0E08768E-EB1C-4673-BE1D-B396B28BBA69}.Debug|Any CPU.ActiveCfg = Debug|Any CPU
		{0E08768E-EB1C-4673-BE1D-B396B28BBA69}.Debug|Any CPU.Build.0 = Debug|Any CPU
		{0E08768E-EB1C-4673-BE1D-B396B28BBA69}.Debug|x86.ActiveCfg = Debug|Any CPU
		{0E08768E-EB1C-4673-BE1D-B396B28BBA69}.Debug|x86.Build.0 = Debug|Any CPU
		{0E08768E-EB1C-4673-BE1D-B396B28BBA69}.Release|Any CPU.ActiveCfg = Release|Any CPU
		{0E08768E-EB1C-4673-BE1D-B396B28BBA69}.Release|Any CPU.Build.0 = Release|Any CPU
		{0E08768E-EB1C-4673-BE1D-B396B28BBA69}.Release|x86.ActiveCfg = Release|Any CPU
		{0E08768E-EB1C-4673-BE1D-B396B28BBA69}.Release|x86.Build.0 = Release|Any CPU
		{110CF3BC-190B-46A4-9525-A4DF6813D38D}.Debug|Any CPU.ActiveCfg = Debug|Any CPU
		{110CF3BC-190B-46A4-9525-A4DF6813D38D}.Debug|Any CPU.Build.0 = Debug|Any CPU
		{110CF3BC-190B-46A4-9525-A4DF6813D38D}.Debug|x86.ActiveCfg = Debug|Any CPU
		{110CF3BC-190B-46A4-9525-A4DF6813D38D}.Debug|x86.Build.0 = Debug|Any CPU
		{110CF3BC-190B-46A4-9525-A4DF6813D38D}.Release|Any CPU.ActiveCfg = Release|Any CPU
		{110CF3BC-190B-46A4-9525-A4DF6813D38D}.Release|Any CPU.Build.0 = Release|Any CPU
		{110CF3BC-190B-46A4-9525-A4DF6813D38D}.Release|x86.ActiveCfg = Release|Any CPU
		{110CF3BC-190B-46A4-9525-A4DF6813D38D}.Release|x86.Build.0 = Release|Any CPU
		{15DEC8E6-2392-45BE-86E7-A5221F48047C}.Debug|Any CPU.ActiveCfg = Debug|Any CPU
		{15DEC8E6-2392-45BE-86E7-A5221F48047C}.Debug|Any CPU.Build.0 = Debug|Any CPU
		{15DEC8E6-2392-45BE-86E7-A5221F48047C}.Debug|x86.ActiveCfg = Debug|x86
		{15DEC8E6-2392-45BE-86E7-A5221F48047C}.Debug|x86.Build.0 = Debug|x86
		{15DEC8E6-2392-45BE-86E7-A5221F48047C}.Release|Any CPU.ActiveCfg = Release|Any CPU
		{15DEC8E6-2392-45BE-86E7-A5221F48047C}.Release|Any CPU.Build.0 = Release|Any CPU
		{15DEC8E6-2392-45BE-86E7-A5221F48047C}.Release|x86.ActiveCfg = Release|x86
		{15DEC8E6-2392-45BE-86E7-A5221F48047C}.Release|x86.Build.0 = Release|x86
		{87FAF2BF-0E26-48FA-A9E8-1605F59AAC10}.Debug|Any CPU.ActiveCfg = Debug|Any CPU
		{87FAF2BF-0E26-48FA-A9E8-1605F59AAC10}.Debug|Any CPU.Build.0 = Debug|Any CPU
		{87FAF2BF-0E26-48FA-A9E8-1605F59AAC10}.Debug|x86.ActiveCfg = Debug|x86
		{87FAF2BF-0E26-48FA-A9E8-1605F59AAC10}.Debug|x86.Build.0 = Debug|x86
		{87FAF2BF-0E26-48FA-A9E8-1605F59AAC10}.Release|Any CPU.ActiveCfg = Release|Any CPU
		{87FAF2BF-0E26-48FA-A9E8-1605F59AAC10}.Release|Any CPU.Build.0 = Release|Any CPU
		{87FAF2BF-0E26-48FA-A9E8-1605F59AAC10}.Release|x86.ActiveCfg = Release|x86
		{87FAF2BF-0E26-48FA-A9E8-1605F59AAC10}.Release|x86.Build.0 = Release|x86
		{CB799A10-4C44-498D-A682-0555347C207A}.Debug|Any CPU.ActiveCfg = Debug|Any CPU
		{CB799A10-4C44-498D-A682-0555347C207A}.Debug|Any CPU.Build.0 = Debug|Any CPU
		{CB799A10-4C44-498D-A682-0555347C207A}.Debug|x86.ActiveCfg = Debug|Any CPU
		{CB799A10-4C44-498D-A682-0555347C207A}.Debug|x86.Build.0 = Debug|Any CPU
		{CB799A10-4C44-498D-A682-0555347C207A}.Release|Any CPU.ActiveCfg = Release|Any CPU
		{CB799A10-4C44-498D-A682-0555347C207A}.Release|Any CPU.Build.0 = Release|Any CPU
		{CB799A10-4C44-498D-A682-0555347C207A}.Release|x86.ActiveCfg = Release|Any CPU
		{CB799A10-4C44-498D-A682-0555347C207A}.Release|x86.Build.0 = Release|Any CPU
	EndGlobalSection
	GlobalSection(SolutionProperties) = preSolution
		HideSolutionNode = FALSE
	EndGlobalSection
	GlobalSection(NestedProjects) = preSolution
		{0E08768E-EB1C-4673-BE1D-B396B28BBA69} = {6884DFBE-B811-4B89-B435-1D2125AE9E7A}
		{110CF3BC-190B-46A4-9525-A4DF6813D38D} = {7B001D8C-F260-4E63-9ECA-A3574CBD3AFF}
		{15DEC8E6-2392-45BE-86E7-A5221F48047C} = {6884DFBE-B811-4B89-B435-1D2125AE9E7A}
		{87FAF2BF-0E26-48FA-A9E8-1605F59AAC10} = {6884DFBE-B811-4B89-B435-1D2125AE9E7A}
		{65D8ACB8-FDD0-48FF-8FE9-1C8669BC750A} = {D373AFD7-B57A-4448-9D82-B9881A4F2350}
		{8A34D670-6BBF-4D20-B18B-DD95BF3A9F71} = {7B001D8C-F260-4E63-9ECA-A3574CBD3AFF}
		{CB799A10-4C44-498D-A682-0555347C207A} = {6884DFBE-B811-4B89-B435-1D2125AE9E7A}
		{7B001D8C-F260-4E63-9ECA-A3574CBD3AFF} = {E8DA3417-4698-4F8E-9D6A-715988F81B7A}
		{6884DFBE-B811-4B89-B435-1D2125AE9E7A} = {E8DA3417-4698-4F8E-9D6A-715988F81B7A}
	EndGlobalSection
	GlobalSection(ExtensibilityGlobals) = postSolution
		SolutionGuid = {7625E68D-A5A2-4509-A414-C33EB474E87C}
	EndGlobalSection
	GlobalSection(SharedMSBuildProjectFiles) = preSolution
		MiKo.Analyzer.Shared\MiKo.Analyzer.Shared.projitems*{0e08768e-eb1c-4673-be1d-b396b28bba69}*SharedItemsImports = 5
		MiKo.Analyzer.Shared\MiKo.Analyzer.Shared.projitems*{8a34d670-6bbf-4d20-b18b-dd95bf3a9f71}*SharedItemsImports = 13
		MiKo.Analyzer.Shared\MiKo.Analyzer.Shared.projitems*{cb799a10-4c44-498d-a682-0555347c207a}*SharedItemsImports = 5
	EndGlobalSection
EndGlobal
