
Microsoft Visual Studio Solution File, Format Version 12.00
# Visual Studio Version 17
VisualStudioVersion = 17.0.32112.339
MinimumVisualStudioVersion = 10.0.40219.1
Project("{9A19103F-16F7-4668-BE54-9A1E7A4F7556}") = "MiKo.Analyzer.2019", "MiKo.Analyzer.2019\MiKo.Analyzer.2019.csproj", "{0E08768E-EB1C-4673-BE1D-B396B28BBA69}"
EndProject
Project("{9A19103F-16F7-4668-BE54-9A1E7A4F7556}") = "MiKo.Analyzer.Tests", "MiKo.Analyzer.Tests\MiKo.Analyzer.Tests.csproj", "{110CF3BC-190B-46A4-9525-A4DF6813D38D}"
EndProject
Project("{FAE04EC0-301F-11D3-BF4B-00C04F79EFBC}") = "MiKo.Analyzer.Vsix2019", "MiKo.Analyzer.Vsix2019\MiKo.Analyzer.Vsix2019.csproj", "{15DEC8E6-2392-45BE-86E7-A5221F48047C}"
	ProjectSection(ProjectDependencies) = postProject
		{0E08768E-EB1C-4673-BE1D-B396B28BBA69} = {0E08768E-EB1C-4673-BE1D-B396B28BBA69}
	EndProjectSection
EndProject
Project("{FAE04EC0-301F-11D3-BF4B-00C04F79EFBC}") = "MiKo.Analyzer.Vsix2022", "MiKo.Analyzer.Vsix2022\MiKo.Analyzer.Vsix2022.csproj", "{87FAF2BF-0E26-48FA-A9E8-1605F59AAC10}"
EndProject
Project("{2150E333-8FDC-42A3-9474-1A3956D46DE8}") = "Code", "Code", "{E8DA3417-4698-4F8E-9D6A-715988F81B7A}"
EndProject
Project("{2150E333-8FDC-42A3-9474-1A3956D46DE8}") = "Solution Items", "Solution Items", "{D373AFD7-B57A-4448-9D82-B9881A4F2350}"
	ProjectSection(SolutionItems) = preProject
		LICENSE.txt = LICENSE.txt
	EndProjectSection
EndProject
Project("{2150E333-8FDC-42A3-9474-1A3956D46DE8}") = "GitHub", "GitHub", "{65D8ACB8-FDD0-48FF-8FE9-1C8669BC750A}"
	ProjectSection(SolutionItems) = preProject
		.gitattributes = .gitattributes
		.gitignore = .gitignore
		appveyor.yml = appveyor.yml
		codecov.yml = codecov.yml
		README.md = README.md
	EndProjectSection
EndProject
Project("{D954291E-2A0B-460D-934E-DC6B0785DB48}") = "MiKo.Analyzer.Shared", "MiKo.Analyzer.Shared\MiKo.Analyzer.Shared.shproj", "{8A34D670-6BBF-4D20-B18B-DD95BF3A9F71}"
EndProject
Project("{9A19103F-16F7-4668-BE54-9A1E7A4F7556}") = "MiKo.Analyzer.2022", "MiKo.Analyzer.2022\MiKo.Analyzer.2022.csproj", "{CB799A10-4C44-498D-A682-0555347C207A}"
EndProject
Project("{2150E333-8FDC-42A3-9474-1A3956D46DE8}") = "Analyzer", "Analyzer", "{7B001D8C-F260-4E63-9ECA-A3574CBD3AFF}"
EndProject
Project("{2150E333-8FDC-42A3-9474-1A3956D46DE8}") = "Setups", "Setups", "{6884DFBE-B811-4B89-B435-1D2125AE9E7A}"
EndProject
Project("{D954291E-2A0B-460D-934E-DC6B0785DB48}") = "MiKo.Analyzer.Shared.CodeFixes", "MiKo.Analyzer.Shared\MiKo.Analyzer.Shared.CodeFixes.shproj", "{BE0CD873-A12B-42DF-B85C-07F681953597}"
EndProject
Project("{9A19103F-16F7-4668-BE54-9A1E7A4F7556}") = "MiKo.Analyzer.Package.2019", "MiKo.Analyzer.Package.2019\MiKo.Analyzer.Package.2019.csproj", "{E4B3E6FA-A508-4A94-963C-5A8B57623431}"
EndProject
Project("{9A19103F-16F7-4668-BE54-9A1E7A4F7556}") = "MiKo.Analyzer.Package.2022", "MiKo.Analyzer.Package.2022\MiKo.Analyzer.Package.2022.csproj", "{8D5DFAAE-7B0D-4361-8601-3F8F8CD60A99}"
EndProject
Project("{2150E333-8FDC-42A3-9474-1A3956D46DE8}") = "Shared", "Shared", "{84CA32B2-1D00-4404-B29F-C946BBB22D54}"
EndProject
Project("{2150E333-8FDC-42A3-9474-1A3956D46DE8}") = "2019", "2019", "{B8F5BC2E-BCEB-45A7-A6D6-D2F69BF1C656}"
EndProject
Project("{2150E333-8FDC-42A3-9474-1A3956D46DE8}") = "2022", "2022", "{AD2BD3FE-8CEB-401C-85CF-FE12A164A90B}"
EndProject
Project("{9A19103F-16F7-4668-BE54-9A1E7A4F7556}") = "MiKo.Analyzer.CodeFixes.2019", "MiKo.Analyzer.Codefixes.2019\MiKo.Analyzer.CodeFixes.2019.csproj", "{282FBA4B-8D06-4FC4-8CEA-F33C2B9A15E8}"
EndProject
Project("{9A19103F-16F7-4668-BE54-9A1E7A4F7556}") = "MiKo.Analyzer.CodeFixes.2022", "MiKo.Analyzer.Codefixes.2022\MiKo.Analyzer.CodeFixes.2022.csproj", "{9888BA99-C2B4-4084-B916-698E842B8F45}"
EndProject
Project("{2150E333-8FDC-42A3-9474-1A3956D46DE8}") = "2019", "2019", "{F249C3C6-C886-4741-9300-E5F2163ED248}"
EndProject
Project("{2150E333-8FDC-42A3-9474-1A3956D46DE8}") = "2022", "2022", "{5C78ED01-8E58-498E-92C4-012DBAB3E773}"
EndProject
Global
	GlobalSection(SolutionConfigurationPlatforms) = preSolution
		Debug|Any CPU = Debug|Any CPU
		Debug|arm64 = Debug|arm64
		Debug|x86 = Debug|x86
		Release|Any CPU = Release|Any CPU
		Release|arm64 = Release|arm64
		Release|x86 = Release|x86
	EndGlobalSection
	GlobalSection(ProjectConfigurationPlatforms) = postSolution
		{0E08768E-EB1C-4673-BE1D-B396B28BBA69}.Debug|Any CPU.ActiveCfg = Debug|Any CPU
		{0E08768E-EB1C-4673-BE1D-B396B28BBA69}.Debug|Any CPU.Build.0 = Debug|Any CPU
		{0E08768E-EB1C-4673-BE1D-B396B28BBA69}.Debug|arm64.ActiveCfg = Debug|Any CPU
		{0E08768E-EB1C-4673-BE1D-B396B28BBA69}.Debug|arm64.Build.0 = Debug|Any CPU
		{0E08768E-EB1C-4673-BE1D-B396B28BBA69}.Debug|x86.ActiveCfg = Debug|Any CPU
		{0E08768E-EB1C-4673-BE1D-B396B28BBA69}.Debug|x86.Build.0 = Debug|Any CPU
		{0E08768E-EB1C-4673-BE1D-B396B28BBA69}.Release|Any CPU.ActiveCfg = Release|Any CPU
		{0E08768E-EB1C-4673-BE1D-B396B28BBA69}.Release|Any CPU.Build.0 = Release|Any CPU
		{0E08768E-EB1C-4673-BE1D-B396B28BBA69}.Release|arm64.ActiveCfg = Release|Any CPU
		{0E08768E-EB1C-4673-BE1D-B396B28BBA69}.Release|arm64.Build.0 = Release|Any CPU
		{0E08768E-EB1C-4673-BE1D-B396B28BBA69}.Release|x86.ActiveCfg = Release|Any CPU
		{0E08768E-EB1C-4673-BE1D-B396B28BBA69}.Release|x86.Build.0 = Release|Any CPU
		{110CF3BC-190B-46A4-9525-A4DF6813D38D}.Debug|Any CPU.ActiveCfg = Debug|Any CPU
		{110CF3BC-190B-46A4-9525-A4DF6813D38D}.Debug|Any CPU.Build.0 = Debug|Any CPU
		{110CF3BC-190B-46A4-9525-A4DF6813D38D}.Debug|arm64.ActiveCfg = Debug|Any CPU
		{110CF3BC-190B-46A4-9525-A4DF6813D38D}.Debug|arm64.Build.0 = Debug|Any CPU
		{110CF3BC-190B-46A4-9525-A4DF6813D38D}.Debug|x86.ActiveCfg = Debug|Any CPU
		{110CF3BC-190B-46A4-9525-A4DF6813D38D}.Debug|x86.Build.0 = Debug|Any CPU
		{110CF3BC-190B-46A4-9525-A4DF6813D38D}.Release|Any CPU.ActiveCfg = Release|Any CPU
		{110CF3BC-190B-46A4-9525-A4DF6813D38D}.Release|Any CPU.Build.0 = Release|Any CPU
		{110CF3BC-190B-46A4-9525-A4DF6813D38D}.Release|arm64.ActiveCfg = Release|Any CPU
		{110CF3BC-190B-46A4-9525-A4DF6813D38D}.Release|arm64.Build.0 = Release|Any CPU
		{110CF3BC-190B-46A4-9525-A4DF6813D38D}.Release|x86.ActiveCfg = Release|Any CPU
		{110CF3BC-190B-46A4-9525-A4DF6813D38D}.Release|x86.Build.0 = Release|Any CPU
		{15DEC8E6-2392-45BE-86E7-A5221F48047C}.Debug|Any CPU.ActiveCfg = Debug|Any CPU
		{15DEC8E6-2392-45BE-86E7-A5221F48047C}.Debug|Any CPU.Build.0 = Debug|Any CPU
		{15DEC8E6-2392-45BE-86E7-A5221F48047C}.Debug|arm64.ActiveCfg = Debug|arm64
		{15DEC8E6-2392-45BE-86E7-A5221F48047C}.Debug|arm64.Build.0 = Debug|arm64
		{15DEC8E6-2392-45BE-86E7-A5221F48047C}.Debug|x86.ActiveCfg = Debug|x86
		{15DEC8E6-2392-45BE-86E7-A5221F48047C}.Debug|x86.Build.0 = Debug|x86
		{15DEC8E6-2392-45BE-86E7-A5221F48047C}.Release|Any CPU.ActiveCfg = Release|Any CPU
		{15DEC8E6-2392-45BE-86E7-A5221F48047C}.Release|Any CPU.Build.0 = Release|Any CPU
		{15DEC8E6-2392-45BE-86E7-A5221F48047C}.Release|arm64.ActiveCfg = Release|arm64
		{15DEC8E6-2392-45BE-86E7-A5221F48047C}.Release|arm64.Build.0 = Release|arm64
		{15DEC8E6-2392-45BE-86E7-A5221F48047C}.Release|x86.ActiveCfg = Release|x86
		{15DEC8E6-2392-45BE-86E7-A5221F48047C}.Release|x86.Build.0 = Release|x86
		{87FAF2BF-0E26-48FA-A9E8-1605F59AAC10}.Debug|Any CPU.ActiveCfg = Debug|Any CPU
		{87FAF2BF-0E26-48FA-A9E8-1605F59AAC10}.Debug|Any CPU.Build.0 = Debug|Any CPU
		{87FAF2BF-0E26-48FA-A9E8-1605F59AAC10}.Debug|arm64.ActiveCfg = Debug|arm64
		{87FAF2BF-0E26-48FA-A9E8-1605F59AAC10}.Debug|arm64.Build.0 = Debug|arm64
		{87FAF2BF-0E26-48FA-A9E8-1605F59AAC10}.Debug|x86.ActiveCfg = Debug|x86
		{87FAF2BF-0E26-48FA-A9E8-1605F59AAC10}.Debug|x86.Build.0 = Debug|x86
		{87FAF2BF-0E26-48FA-A9E8-1605F59AAC10}.Release|Any CPU.ActiveCfg = Release|Any CPU
		{87FAF2BF-0E26-48FA-A9E8-1605F59AAC10}.Release|Any CPU.Build.0 = Release|Any CPU
		{87FAF2BF-0E26-48FA-A9E8-1605F59AAC10}.Release|arm64.ActiveCfg = Release|arm64
		{87FAF2BF-0E26-48FA-A9E8-1605F59AAC10}.Release|arm64.Build.0 = Release|arm64
		{87FAF2BF-0E26-48FA-A9E8-1605F59AAC10}.Release|x86.ActiveCfg = Release|x86
		{87FAF2BF-0E26-48FA-A9E8-1605F59AAC10}.Release|x86.Build.0 = Release|x86
		{CB799A10-4C44-498D-A682-0555347C207A}.Debug|Any CPU.ActiveCfg = Debug|Any CPU
		{CB799A10-4C44-498D-A682-0555347C207A}.Debug|Any CPU.Build.0 = Debug|Any CPU
		{CB799A10-4C44-498D-A682-0555347C207A}.Debug|arm64.ActiveCfg = Debug|Any CPU
		{CB799A10-4C44-498D-A682-0555347C207A}.Debug|arm64.Build.0 = Debug|Any CPU
		{CB799A10-4C44-498D-A682-0555347C207A}.Debug|x86.ActiveCfg = Debug|Any CPU
		{CB799A10-4C44-498D-A682-0555347C207A}.Debug|x86.Build.0 = Debug|Any CPU
		{CB799A10-4C44-498D-A682-0555347C207A}.Release|Any CPU.ActiveCfg = Release|Any CPU
		{CB799A10-4C44-498D-A682-0555347C207A}.Release|Any CPU.Build.0 = Release|Any CPU
		{CB799A10-4C44-498D-A682-0555347C207A}.Release|arm64.ActiveCfg = Release|Any CPU
		{CB799A10-4C44-498D-A682-0555347C207A}.Release|arm64.Build.0 = Release|Any CPU
		{CB799A10-4C44-498D-A682-0555347C207A}.Release|x86.ActiveCfg = Release|Any CPU
		{CB799A10-4C44-498D-A682-0555347C207A}.Release|x86.Build.0 = Release|Any CPU
		{E4B3E6FA-A508-4A94-963C-5A8B57623431}.Debug|Any CPU.ActiveCfg = Debug|Any CPU
		{E4B3E6FA-A508-4A94-963C-5A8B57623431}.Debug|Any CPU.Build.0 = Debug|Any CPU
		{E4B3E6FA-A508-4A94-963C-5A8B57623431}.Debug|arm64.ActiveCfg = Debug|Any CPU
		{E4B3E6FA-A508-4A94-963C-5A8B57623431}.Debug|arm64.Build.0 = Debug|Any CPU
		{E4B3E6FA-A508-4A94-963C-5A8B57623431}.Debug|x86.ActiveCfg = Debug|Any CPU
		{E4B3E6FA-A508-4A94-963C-5A8B57623431}.Debug|x86.Build.0 = Debug|Any CPU
		{E4B3E6FA-A508-4A94-963C-5A8B57623431}.Release|Any CPU.ActiveCfg = Release|Any CPU
		{E4B3E6FA-A508-4A94-963C-5A8B57623431}.Release|Any CPU.Build.0 = Release|Any CPU
		{E4B3E6FA-A508-4A94-963C-5A8B57623431}.Release|arm64.ActiveCfg = Release|Any CPU
		{E4B3E6FA-A508-4A94-963C-5A8B57623431}.Release|arm64.Build.0 = Release|Any CPU
		{E4B3E6FA-A508-4A94-963C-5A8B57623431}.Release|x86.ActiveCfg = Release|Any CPU
		{E4B3E6FA-A508-4A94-963C-5A8B57623431}.Release|x86.Build.0 = Release|Any CPU
		{8D5DFAAE-7B0D-4361-8601-3F8F8CD60A99}.Debug|Any CPU.ActiveCfg = Debug|Any CPU
		{8D5DFAAE-7B0D-4361-8601-3F8F8CD60A99}.Debug|Any CPU.Build.0 = Debug|Any CPU
		{8D5DFAAE-7B0D-4361-8601-3F8F8CD60A99}.Debug|arm64.ActiveCfg = Debug|Any CPU
		{8D5DFAAE-7B0D-4361-8601-3F8F8CD60A99}.Debug|arm64.Build.0 = Debug|Any CPU
		{8D5DFAAE-7B0D-4361-8601-3F8F8CD60A99}.Debug|x86.ActiveCfg = Debug|Any CPU
		{8D5DFAAE-7B0D-4361-8601-3F8F8CD60A99}.Debug|x86.Build.0 = Debug|Any CPU
		{8D5DFAAE-7B0D-4361-8601-3F8F8CD60A99}.Release|Any CPU.ActiveCfg = Release|Any CPU
		{8D5DFAAE-7B0D-4361-8601-3F8F8CD60A99}.Release|Any CPU.Build.0 = Release|Any CPU
		{8D5DFAAE-7B0D-4361-8601-3F8F8CD60A99}.Release|arm64.ActiveCfg = Release|Any CPU
		{8D5DFAAE-7B0D-4361-8601-3F8F8CD60A99}.Release|arm64.Build.0 = Release|Any CPU
		{8D5DFAAE-7B0D-4361-8601-3F8F8CD60A99}.Release|x86.ActiveCfg = Release|Any CPU
		{8D5DFAAE-7B0D-4361-8601-3F8F8CD60A99}.Release|x86.Build.0 = Release|Any CPU
		{282FBA4B-8D06-4FC4-8CEA-F33C2B9A15E8}.Debug|Any CPU.ActiveCfg = Debug|Any CPU
		{282FBA4B-8D06-4FC4-8CEA-F33C2B9A15E8}.Debug|Any CPU.Build.0 = Debug|Any CPU
		{282FBA4B-8D06-4FC4-8CEA-F33C2B9A15E8}.Debug|arm64.ActiveCfg = Debug|Any CPU
		{282FBA4B-8D06-4FC4-8CEA-F33C2B9A15E8}.Debug|arm64.Build.0 = Debug|Any CPU
		{282FBA4B-8D06-4FC4-8CEA-F33C2B9A15E8}.Debug|x86.ActiveCfg = Debug|Any CPU
		{282FBA4B-8D06-4FC4-8CEA-F33C2B9A15E8}.Debug|x86.Build.0 = Debug|Any CPU
		{282FBA4B-8D06-4FC4-8CEA-F33C2B9A15E8}.Release|Any CPU.ActiveCfg = Release|Any CPU
		{282FBA4B-8D06-4FC4-8CEA-F33C2B9A15E8}.Release|Any CPU.Build.0 = Release|Any CPU
		{282FBA4B-8D06-4FC4-8CEA-F33C2B9A15E8}.Release|arm64.ActiveCfg = Release|Any CPU
		{282FBA4B-8D06-4FC4-8CEA-F33C2B9A15E8}.Release|arm64.Build.0 = Release|Any CPU
		{282FBA4B-8D06-4FC4-8CEA-F33C2B9A15E8}.Release|x86.ActiveCfg = Release|Any CPU
		{282FBA4B-8D06-4FC4-8CEA-F33C2B9A15E8}.Release|x86.Build.0 = Release|Any CPU
		{9888BA99-C2B4-4084-B916-698E842B8F45}.Debug|Any CPU.ActiveCfg = Debug|Any CPU
		{9888BA99-C2B4-4084-B916-698E842B8F45}.Debug|Any CPU.Build.0 = Debug|Any CPU
		{9888BA99-C2B4-4084-B916-698E842B8F45}.Debug|arm64.ActiveCfg = Debug|Any CPU
		{9888BA99-C2B4-4084-B916-698E842B8F45}.Debug|arm64.Build.0 = Debug|Any CPU
		{9888BA99-C2B4-4084-B916-698E842B8F45}.Debug|x86.ActiveCfg = Debug|Any CPU
		{9888BA99-C2B4-4084-B916-698E842B8F45}.Debug|x86.Build.0 = Debug|Any CPU
		{9888BA99-C2B4-4084-B916-698E842B8F45}.Release|Any CPU.ActiveCfg = Release|Any CPU
		{9888BA99-C2B4-4084-B916-698E842B8F45}.Release|Any CPU.Build.0 = Release|Any CPU
		{9888BA99-C2B4-4084-B916-698E842B8F45}.Release|arm64.ActiveCfg = Release|Any CPU
		{9888BA99-C2B4-4084-B916-698E842B8F45}.Release|arm64.Build.0 = Release|Any CPU
		{9888BA99-C2B4-4084-B916-698E842B8F45}.Release|x86.ActiveCfg = Release|Any CPU
		{9888BA99-C2B4-4084-B916-698E842B8F45}.Release|x86.Build.0 = Release|Any CPU
	EndGlobalSection
	GlobalSection(SolutionProperties) = preSolution
		HideSolutionNode = FALSE
	EndGlobalSection
	GlobalSection(NestedProjects) = preSolution
		{0E08768E-EB1C-4673-BE1D-B396B28BBA69} = {B8F5BC2E-BCEB-45A7-A6D6-D2F69BF1C656}
		{110CF3BC-190B-46A4-9525-A4DF6813D38D} = {7B001D8C-F260-4E63-9ECA-A3574CBD3AFF}
		{15DEC8E6-2392-45BE-86E7-A5221F48047C} = {F249C3C6-C886-4741-9300-E5F2163ED248}
		{87FAF2BF-0E26-48FA-A9E8-1605F59AAC10} = {5C78ED01-8E58-498E-92C4-012DBAB3E773}
		{65D8ACB8-FDD0-48FF-8FE9-1C8669BC750A} = {D373AFD7-B57A-4448-9D82-B9881A4F2350}
		{8A34D670-6BBF-4D20-B18B-DD95BF3A9F71} = {84CA32B2-1D00-4404-B29F-C946BBB22D54}
		{CB799A10-4C44-498D-A682-0555347C207A} = {AD2BD3FE-8CEB-401C-85CF-FE12A164A90B}
		{7B001D8C-F260-4E63-9ECA-A3574CBD3AFF} = {E8DA3417-4698-4F8E-9D6A-715988F81B7A}
		{6884DFBE-B811-4B89-B435-1D2125AE9E7A} = {E8DA3417-4698-4F8E-9D6A-715988F81B7A}
		{BE0CD873-A12B-42DF-B85C-07F681953597} = {84CA32B2-1D00-4404-B29F-C946BBB22D54}
		{E4B3E6FA-A508-4A94-963C-5A8B57623431} = {F249C3C6-C886-4741-9300-E5F2163ED248}
		{8D5DFAAE-7B0D-4361-8601-3F8F8CD60A99} = {5C78ED01-8E58-498E-92C4-012DBAB3E773}
		{84CA32B2-1D00-4404-B29F-C946BBB22D54} = {7B001D8C-F260-4E63-9ECA-A3574CBD3AFF}
		{B8F5BC2E-BCEB-45A7-A6D6-D2F69BF1C656} = {7B001D8C-F260-4E63-9ECA-A3574CBD3AFF}
		{AD2BD3FE-8CEB-401C-85CF-FE12A164A90B} = {7B001D8C-F260-4E63-9ECA-A3574CBD3AFF}
		{282FBA4B-8D06-4FC4-8CEA-F33C2B9A15E8} = {B8F5BC2E-BCEB-45A7-A6D6-D2F69BF1C656}
		{9888BA99-C2B4-4084-B916-698E842B8F45} = {AD2BD3FE-8CEB-401C-85CF-FE12A164A90B}
		{F249C3C6-C886-4741-9300-E5F2163ED248} = {6884DFBE-B811-4B89-B435-1D2125AE9E7A}
		{5C78ED01-8E58-498E-92C4-012DBAB3E773} = {6884DFBE-B811-4B89-B435-1D2125AE9E7A}
	EndGlobalSection
	GlobalSection(ExtensibilityGlobals) = postSolution
		SolutionGuid = {7625E68D-A5A2-4509-A414-C33EB474E87C}
	EndGlobalSection
	GlobalSection(SharedMSBuildProjectFiles) = preSolution
		MiKo.Analyzer.Shared\MiKo.Analyzer.Shared.projitems*{0e08768e-eb1c-4673-be1d-b396b28bba69}*SharedItemsImports = 5
		MiKo.Analyzer.Shared\MiKo.Analyzer.Shared.CodeFixes.projitems*{282fba4b-8d06-4fc4-8cea-f33c2b9a15e8}*SharedItemsImports = 5
		MiKo.Analyzer.Shared\MiKo.Analyzer.Shared.projitems*{8a34d670-6bbf-4d20-b18b-dd95bf3a9f71}*SharedItemsImports = 13
		MiKo.Analyzer.Shared\MiKo.Analyzer.Shared.CodeFixes.projitems*{9888ba99-c2b4-4084-b916-698e842b8f45}*SharedItemsImports = 5
		MiKo.Analyzer.Shared\MiKo.Analyzer.Shared.CodeFixes.projitems*{be0cd873-a12b-42df-b85c-07f681953597}*SharedItemsImports = 13
		MiKo.Analyzer.Shared\MiKo.Analyzer.Shared.projitems*{cb799a10-4c44-498d-a682-0555347c207a}*SharedItemsImports = 5
	EndGlobalSection
EndGlobal
